
Microsoft Visual Studio Solution File, Format Version 12.00
# Visual Studio Version 16
VisualStudioVersion = 16.0.31205.134
MinimumVisualStudioVersion = 10.0.40219.1
Project("{8BC9CEB8-8B4A-11D0-8D11-00A0C91BC942}") = "ThreadPool", "ThreadPool.vcxproj", "{8C007A87-9986-48A1-B161-8A4A6C420347}"
EndProject
Global
	GlobalSection(SolutionConfigurationPlatforms) = preSolution
		Debug|x64 = Debug|x64
		Debug|x86 = Debug|x86
		Release|x64 = Release|x64
		Release|x86 = Release|x86
	EndGlobalSection
	GlobalSection(ProjectConfigurationPlatforms) = postSolution
		{8C007A87-9986-48A1-B161-8A4A6C420347}.Debug|x64.ActiveCfg = Debug|x64
		{8C007A87-9986-48A1-B161-8A4A6C420347}.Debug|x64.Build.0 = Debug|x64
		{8C007A87-9986-48A1-B161-8A4A6C420347}.Debug|x86.ActiveCfg = Debug|Win32
		{8C007A87-9986-48A1-B161-8A4A6C420347}.Debug|x86.Build.0 = Debug|Win32
		{8C007A87-9986-48A1-B161-8A4A6C420347}.Release|x64.ActiveCfg = Release|x64
		{8C007A87-9986-48A1-B161-8A4A6C420347}.Release|x64.Build.0 = Release|x64
		{8C007A87-9986-48A1-B161-8A4A6C420347}.Release|x86.ActiveCfg = Release|Win32
		{8C007A87-9986-48A1-B161-8A4A6C420347}.Release|x86.Build.0 = Release|Win32
	EndGlobalSection
	GlobalSection(SolutionProperties) = preSolution
		HideSolutionNode = FALSE
	EndGlobalSection
	GlobalSection(ExtensibilityGlobals) = postSolution
		SolutionGuid = {87DBEA5E-C9C4-4397-99AC-302DC8D97269}
	EndGlobalSection
EndGlobal
