<?xml version="1.0" encoding="utf-8"?>
<Project ToolsVersion="4.0" xmlns="http://schemas.microsoft.com/developer/msbuild/2003">
  <ItemGroup>
    <Filter Include="main">
      <UniqueIdentifier>{4FC737F1-C7A5-4376-A066-2A32D752A2FF}</UniqueIdentifier>
      <Extensions>cpp;c;cc;cxx;c++;cppm;ixx;def;odl;idl;hpj;bat;asm;asmx</Extensions>
    </Filter>
    <Filter Include="Header">
      <UniqueIdentifier>{a1aa2b18-74b0-4ec2-b4a5-363f6266128c}</UniqueIdentifier>
    </Filter>
    <Filter Include="Header\PCH">
      <UniqueIdentifier>{8d8e9f7c-cd8d-4192-8df3-426ed9500513}</UniqueIdentifier>
    </Filter>
    <Filter Include="Thread">
      <UniqueIdentifier>{93995380-89BD-4b04-88EB-625FBE52EBFB}</UniqueIdentifier>
      <Extensions>h;hh;hpp;hxx;h++;hm;inl;inc;ipp;xsd</Extensions>
    </Filter>
    <Filter Include="Thread\ThreadManager">
      <UniqueIdentifier>{a0be78dd-f376-48cb-917d-94b46c614627}</UniqueIdentifier>
    </Filter>
    <Filter Include="Thread\WorkThread">
      <UniqueIdentifier>{fee71646-8b46-48f4-aec5-5461b37c67a6}</UniqueIdentifier>
    </Filter>
    <Filter Include="Thread\ThreadBase">
      <UniqueIdentifier>{c9a332e3-154b-49e1-9d62-fb5b87829877}</UniqueIdentifier>
    </Filter>
  </ItemGroup>
  <ItemGroup>
    <ClCompile Include="main.cpp">
      <Filter>main</Filter>
    </ClCompile>
    <ClCompile Include="ThreadBase.cpp">
      <Filter>Thread\ThreadBase</Filter>
    </ClCompile>
    <ClCompile Include="WorkThread.cpp">
      <Filter>Thread\WorkThread</Filter>
    </ClCompile>
  </ItemGroup>
  <ItemGroup>
    <ClInclude Include="ThreadBase.h">
      <Filter>Thread\ThreadBase</Filter>
    </ClInclude>
    <ClInclude Include="ThreadManager.h">
      <Filter>Thread\ThreadManager</Filter>
    </ClInclude>
    <ClInclude Include="WinHeader.h">
      <Filter>Header</Filter>
    </ClInclude>
    <ClInclude Include="DataDefines.h">
      <Filter>Header</Filter>
    </ClInclude>
    <ClInclude Include="WorkThread.h">
      <Filter>Thread\WorkThread</Filter>
    </ClInclude>
    <ClInclude Include="ThreadManager.inl">
      <Filter>Thread\ThreadManager</Filter>
    </ClInclude>
  </ItemGroup>
  <ItemGroup>
    <Text Include="ReadMe.txt">
      <Filter>main</Filter>
    </Text>
  </ItemGroup>
</Project>