
Microsoft Visual Studio Solution File, Format Version 12.00
# Visual Studio 15
VisualStudioVersion = 15.0.28307.1145
MinimumVisualStudioVersion = 10.0.40219.1
Project("{FAE04EC0-301F-11D3-BF4B-00C04F79EFBC}") = "Study1", "Study1\Study1.csproj", "{FEB46FF6-09C0-45FE-8A0F-5DCD43DAAA12}"
EndProject
Global
	GlobalSection(SolutionConfigurationPlatforms) = preSolution
		Debug|Any CPU = Debug|Any CPU
		Release|Any CPU = Release|Any CPU
	EndGlobalSection
	GlobalSection(ProjectConfigurationPlatforms) = postSolution
		{FEB46FF6-09C0-45FE-8A0F-5DCD43DAAA12}.Debug|Any CPU.ActiveCfg = Debug|Any CPU
		{FEB46FF6-09C0-45FE-8A0F-5DCD43DAAA12}.Debug|Any CPU.Build.0 = Debug|Any CPU
		{FEB46FF6-09C0-45FE-8A0F-5DCD43DAAA12}.Release|Any CPU.ActiveCfg = Release|Any CPU
		{FEB46FF6-09C0-45FE-8A0F-5DCD43DAAA12}.Release|Any CPU.Build.0 = Release|Any CPU
	EndGlobalSection
	GlobalSection(SolutionProperties) = preSolution
		HideSolutionNode = FALSE
	EndGlobalSection
	GlobalSection(ExtensibilityGlobals) = postSolution
		SolutionGuid = {BA2E0045-EC33-4C61-AEE7-A7DBF6CCB239}
	EndGlobalSection
EndGlobal
