<?xml version="1.0" encoding="utf-8"?>
<Project ToolsVersion="4.0" xmlns="http://schemas.microsoft.com/developer/msbuild/2003">
  <ItemGroup>
    <Filter Include="SnowThrad">
      <UniqueIdentifier>{4FC737F1-C7A5-4376-A066-2A32D752A2FF}</UniqueIdentifier>
      <Extensions>cpp;c;cc;cxx;c++;cppm;ixx;def;odl;idl;hpj;bat;asm;asmx</Extensions>
    </Filter>
    <Filter Include="main">
      <UniqueIdentifier>{0515ad89-31ac-403c-9f12-ea5140c3caee}</UniqueIdentifier>
    </Filter>
    <Filter Include="WorkerThread">
      <UniqueIdentifier>{ef61f777-5094-4b01-b06f-0b364b07cd67}</UniqueIdentifier>
    </Filter>
    <Filter Include="external Libs">
      <UniqueIdentifier>{67DA6AB6-F800-4c08-8B7A-83BB121AAD01}</UniqueIdentifier>
      <Extensions>rc;ico;cur;bmp;dlg;rc2;rct;bin;rgs;gif;jpg;jpeg;jpe;resx;tiff;tif;png;wav;mfcribbon-ms</Extensions>
    </Filter>
  </ItemGroup>
  <ItemGroup>
    <ClCompile Include="main.cpp">
      <Filter>main</Filter>
    </ClCompile>
    <ClCompile Include="SnowThread.cpp">
      <Filter>SnowThrad</Filter>
    </ClCompile>
    <ClCompile Include="WorkerThread.cpp">
      <Filter>WorkerThread</Filter>
    </ClCompile>
  </ItemGroup>
  <ItemGroup>
    <ClInclude Include="SnowThread.h">
      <Filter>SnowThrad</Filter>
    </ClInclude>
    <ClInclude Include="WindowsHeader.h">
      <Filter>external Libs</Filter>
    </ClInclude>
    <ClInclude Include="LogCollector.h">
      <Filter>external Libs</Filter>
    </ClInclude>
    <ClInclude Include="Singleton.h">
      <Filter>external Libs</Filter>
    </ClInclude>
    <ClInclude Include="DefineUtilty.h">
      <Filter>external Libs</Filter>
    </ClInclude>
    <ClInclude Include="WorkerThread.h">
      <Filter>WorkerThread</Filter>
    </ClInclude>
  </ItemGroup>
</Project>